
Microsoft Visual Studio Solution File, Format Version 12.00
# Visual Studio Version 17
Project("{8BC9CEB8-8B4A-11D0-8D11-00A0C91BC942}") = "ALL_BUILD", "ALL_BUILD.vcxproj", "{7E444AC3-89FB-3F90-AEDF-C296142B79BE}"
	ProjectSection(ProjectDependencies) = postProject
		{FE2BBBED-CB6D-3068-8A64-BD5321DDD245} = {FE2BBBED-CB6D-3068-8A64-BD5321DDD245}
		{2AD5CB78-1388-3343-8D49-AEE3F9F0B006} = {2AD5CB78-1388-3343-8D49-AEE3F9F0B006}
		{D3C39532-D99A-3E5C-8F5D-A3A86214823B} = {D3C39532-D99A-3E5C-8F5D-A3A86214823B}
		{75BD8856-984C-32FA-965C-149FDF7786E8} = {75BD8856-984C-32FA-965C-149FDF7786E8}
	EndProjectSection
EndProject
Project("{8BC9CEB8-8B4A-11D0-8D11-00A0C91BC942}") = "INSTALL", "INSTALL.vcxproj", "{9805FB1B-6634-3962-AE4E-B3D58ECB0D6E}"
	ProjectSection(ProjectDependencies) = postProject
		{7E444AC3-89FB-3F90-AEDF-C296142B79BE} = {7E444AC3-89FB-3F90-AEDF-C296142B79BE}
		{FE2BBBED-CB6D-3068-8A64-BD5321DDD245} = {FE2BBBED-CB6D-3068-8A64-BD5321DDD245}
	EndProjectSection
EndProject
Project("{8BC9CEB8-8B4A-11D0-8D11-00A0C91BC942}") = "UpdateAssimpLibsDebugSymbolsAndDLLs", "UpdateAssimpLibsDebugSymbolsAndDLLs.vcxproj", "{12B86976-C84C-3BD5-9B31-BB9C92EF919A}"
	ProjectSection(ProjectDependencies) = postProject
		{FE2BBBED-CB6D-3068-8A64-BD5321DDD245} = {FE2BBBED-CB6D-3068-8A64-BD5321DDD245}
	EndProjectSection
EndProject
Project("{8BC9CEB8-8B4A-11D0-8D11-00A0C91BC942}") = "ZERO_CHECK", "ZERO_CHECK.vcxproj", "{FE2BBBED-CB6D-3068-8A64-BD5321DDD245}"
	ProjectSection(ProjectDependencies) = postProject
	EndProjectSection
EndProject
Project("{8BC9CEB8-8B4A-11D0-8D11-00A0C91BC942}") = "assimp", "code\assimp.vcxproj", "{2AD5CB78-1388-3343-8D49-AEE3F9F0B006}"
	ProjectSection(ProjectDependencies) = postProject
		{FE2BBBED-CB6D-3068-8A64-BD5321DDD245} = {FE2BBBED-CB6D-3068-8A64-BD5321DDD245}
		{75BD8856-984C-32FA-965C-149FDF7786E8} = {75BD8856-984C-32FA-965C-149FDF7786E8}
	EndProjectSection
EndProject
Project("{8BC9CEB8-8B4A-11D0-8D11-00A0C91BC942}") = "uninstall", "uninstall.vcxproj", "{CB43368C-4649-3A8A-9A88-537F9874F8E4}"
	ProjectSection(ProjectDependencies) = postProject
		{FE2BBBED-CB6D-3068-8A64-BD5321DDD245} = {FE2BBBED-CB6D-3068-8A64-BD5321DDD245}
	EndProjectSection
EndProject
Project("{8BC9CEB8-8B4A-11D0-8D11-00A0C91BC942}") = "unit", "test\unit.vcxproj", "{D3C39532-D99A-3E5C-8F5D-A3A86214823B}"
	ProjectSection(ProjectDependencies) = postProject
		{FE2BBBED-CB6D-3068-8A64-BD5321DDD245} = {FE2BBBED-CB6D-3068-8A64-BD5321DDD245}
		{2AD5CB78-1388-3343-8D49-AEE3F9F0B006} = {2AD5CB78-1388-3343-8D49-AEE3F9F0B006}
		{75BD8856-984C-32FA-965C-149FDF7786E8} = {75BD8856-984C-32FA-965C-149FDF7786E8}
	EndProjectSection
EndProject
Project("{8BC9CEB8-8B4A-11D0-8D11-00A0C91BC942}") = "zlibstatic", "contrib\zlib\zlibstatic.vcxproj", "{75BD8856-984C-32FA-965C-149FDF7786E8}"
	ProjectSection(ProjectDependencies) = postProject
		{FE2BBBED-CB6D-3068-8A64-BD5321DDD245} = {FE2BBBED-CB6D-3068-8A64-BD5321DDD245}
	EndProjectSection
EndProject
Global
	GlobalSection(SolutionConfigurationPlatforms) = preSolution
		Debug|x64 = Debug|x64
		Release|x64 = Release|x64
		MinSizeRel|x64 = MinSizeRel|x64
		RelWithDebInfo|x64 = RelWithDebInfo|x64
	EndGlobalSection
	GlobalSection(ProjectConfigurationPlatforms) = postSolution
		{7E444AC3-89FB-3F90-AEDF-C296142B79BE}.Debug|x64.ActiveCfg = Debug|x64
		{7E444AC3-89FB-3F90-AEDF-C296142B79BE}.Debug|x64.Build.0 = Debug|x64
		{7E444AC3-89FB-3F90-AEDF-C296142B79BE}.Release|x64.ActiveCfg = Release|x64
		{7E444AC3-89FB-3F90-AEDF-C296142B79BE}.Release|x64.Build.0 = Release|x64
		{7E444AC3-89FB-3F90-AEDF-C296142B79BE}.MinSizeRel|x64.ActiveCfg = MinSizeRel|x64
		{7E444AC3-89FB-3F90-AEDF-C296142B79BE}.MinSizeRel|x64.Build.0 = MinSizeRel|x64
		{7E444AC3-89FB-3F90-AEDF-C296142B79BE}.RelWithDebInfo|x64.ActiveCfg = RelWithDebInfo|x64
		{7E444AC3-89FB-3F90-AEDF-C296142B79BE}.RelWithDebInfo|x64.Build.0 = RelWithDebInfo|x64
		{9805FB1B-6634-3962-AE4E-B3D58ECB0D6E}.Debug|x64.ActiveCfg = Debug|x64
		{9805FB1B-6634-3962-AE4E-B3D58ECB0D6E}.Release|x64.ActiveCfg = Release|x64
		{9805FB1B-6634-3962-AE4E-B3D58ECB0D6E}.MinSizeRel|x64.ActiveCfg = MinSizeRel|x64
		{9805FB1B-6634-3962-AE4E-B3D58ECB0D6E}.RelWithDebInfo|x64.ActiveCfg = RelWithDebInfo|x64
		{12B86976-C84C-3BD5-9B31-BB9C92EF919A}.Debug|x64.ActiveCfg = Debug|x64
		{12B86976-C84C-3BD5-9B31-BB9C92EF919A}.Release|x64.ActiveCfg = Release|x64
		{12B86976-C84C-3BD5-9B31-BB9C92EF919A}.MinSizeRel|x64.ActiveCfg = MinSizeRel|x64
		{12B86976-C84C-3BD5-9B31-BB9C92EF919A}.RelWithDebInfo|x64.ActiveCfg = RelWithDebInfo|x64
		{FE2BBBED-CB6D-3068-8A64-BD5321DDD245}.Debug|x64.ActiveCfg = Debug|x64
		{FE2BBBED-CB6D-3068-8A64-BD5321DDD245}.Debug|x64.Build.0 = Debug|x64
		{FE2BBBED-CB6D-3068-8A64-BD5321DDD245}.Release|x64.ActiveCfg = Release|x64
		{FE2BBBED-CB6D-3068-8A64-BD5321DDD245}.Release|x64.Build.0 = Release|x64
		{FE2BBBED-CB6D-3068-8A64-BD5321DDD245}.MinSizeRel|x64.ActiveCfg = MinSizeRel|x64
		{FE2BBBED-CB6D-3068-8A64-BD5321DDD245}.MinSizeRel|x64.Build.0 = MinSizeRel|x64
		{FE2BBBED-CB6D-3068-8A64-BD5321DDD245}.RelWithDebInfo|x64.ActiveCfg = RelWithDebInfo|x64
		{FE2BBBED-CB6D-3068-8A64-BD5321DDD245}.RelWithDebInfo|x64.Build.0 = RelWithDebInfo|x64
		{2AD5CB78-1388-3343-8D49-AEE3F9F0B006}.Debug|x64.ActiveCfg = Debug|x64
		{2AD5CB78-1388-3343-8D49-AEE3F9F0B006}.Debug|x64.Build.0 = Debug|x64
		{2AD5CB78-1388-3343-8D49-AEE3F9F0B006}.Release|x64.ActiveCfg = Release|x64
		{2AD5CB78-1388-3343-8D49-AEE3F9F0B006}.Release|x64.Build.0 = Release|x64
		{2AD5CB78-1388-3343-8D49-AEE3F9F0B006}.MinSizeRel|x64.ActiveCfg = MinSizeRel|x64
		{2AD5CB78-1388-3343-8D49-AEE3F9F0B006}.MinSizeRel|x64.Build.0 = MinSizeRel|x64
		{2AD5CB78-1388-3343-8D49-AEE3F9F0B006}.RelWithDebInfo|x64.ActiveCfg = RelWithDebInfo|x64
		{2AD5CB78-1388-3343-8D49-AEE3F9F0B006}.RelWithDebInfo|x64.Build.0 = RelWithDebInfo|x64
		{CB43368C-4649-3A8A-9A88-537F9874F8E4}.Debug|x64.ActiveCfg = Debug|x64
		{CB43368C-4649-3A8A-9A88-537F9874F8E4}.Release|x64.ActiveCfg = Release|x64
		{CB43368C-4649-3A8A-9A88-537F9874F8E4}.MinSizeRel|x64.ActiveCfg = MinSizeRel|x64
		{CB43368C-4649-3A8A-9A88-537F9874F8E4}.RelWithDebInfo|x64.ActiveCfg = RelWithDebInfo|x64
		{D3C39532-D99A-3E5C-8F5D-A3A86214823B}.Debug|x64.ActiveCfg = Debug|x64
		{D3C39532-D99A-3E5C-8F5D-A3A86214823B}.Debug|x64.Build.0 = Debug|x64
		{D3C39532-D99A-3E5C-8F5D-A3A86214823B}.Release|x64.ActiveCfg = Release|x64
		{D3C39532-D99A-3E5C-8F5D-A3A86214823B}.Release|x64.Build.0 = Release|x64
		{D3C39532-D99A-3E5C-8F5D-A3A86214823B}.MinSizeRel|x64.ActiveCfg = MinSizeRel|x64
		{D3C39532-D99A-3E5C-8F5D-A3A86214823B}.MinSizeRel|x64.Build.0 = MinSizeRel|x64
		{D3C39532-D99A-3E5C-8F5D-A3A86214823B}.RelWithDebInfo|x64.ActiveCfg = RelWithDebInfo|x64
		{D3C39532-D99A-3E5C-8F5D-A3A86214823B}.RelWithDebInfo|x64.Build.0 = RelWithDebInfo|x64
		{75BD8856-984C-32FA-965C-149FDF7786E8}.Debug|x64.ActiveCfg = Debug|x64
		{75BD8856-984C-32FA-965C-149FDF7786E8}.Debug|x64.Build.0 = Debug|x64
		{75BD8856-984C-32FA-965C-149FDF7786E8}.Release|x64.ActiveCfg = Release|x64
		{75BD8856-984C-32FA-965C-149FDF7786E8}.Release|x64.Build.0 = Release|x64
		{75BD8856-984C-32FA-965C-149FDF7786E8}.MinSizeRel|x64.ActiveCfg = MinSizeRel|x64
		{75BD8856-984C-32FA-965C-149FDF7786E8}.MinSizeRel|x64.Build.0 = MinSizeRel|x64
		{75BD8856-984C-32FA-965C-149FDF7786E8}.RelWithDebInfo|x64.ActiveCfg = RelWithDebInfo|x64
		{75BD8856-984C-32FA-965C-149FDF7786E8}.RelWithDebInfo|x64.Build.0 = RelWithDebInfo|x64
	EndGlobalSection
	GlobalSection(ExtensibilityGlobals) = postSolution
		SolutionGuid = {6A2B38A6-C073-3ECD-A016-28BA111D881A}
	EndGlobalSection
	GlobalSection(ExtensibilityAddIns) = postSolution
	EndGlobalSection
EndGlobal
