<?xml version="1.0" encoding="utf-8"?>
<Project ToolsVersion="17.0" xmlns="http://schemas.microsoft.com/developer/msbuild/2003">
  <ItemGroup>
    <CustomBuild Include="C:\CPlusPlusLib\assimp\build_msvc\CMakeFiles\6f4a04bc251c8dd18673dc2f62e8c585\INSTALL_force.rule">
      <Filter>CMake Rules</Filter>
    </CustomBuild>
  </ItemGroup>
  <ItemGroup>
    <Filter Include="CMake Rules">
      <UniqueIdentifier>{F6866FF4-B895-3BF2-9A9E-130630584BFF}</UniqueIdentifier>
    </Filter>
  </ItemGroup>
</Project>
